
Microsoft Visual Studio Solution File, Format Version 12.00
# Visual Studio Version 17
VisualStudioVersion = 17.9.34607.119
MinimumVisualStudioVersion = 10.0.40219.1
Project("{9A19103F-16F7-4668-BE54-9A1E7A4F7556}") = "INeedSimplifiedChineseLOLPBE", "INeedSimplifiedChineseLOLPBE.csproj", "{98729B4E-841B-4161-B411-7422D6C13C52}"
EndProject
Global
	GlobalSection(SolutionConfigurationPlatforms) = preSolution
		Debug|Any CPU = Debug|Any CPU
		Release|Any CPU = Release|Any CPU
	EndGlobalSection
	GlobalSection(ProjectConfigurationPlatforms) = postSolution
		{98729B4E-841B-4161-B411-7422D6C13C52}.Debug|Any CPU.ActiveCfg = Debug|Any CPU
		{98729B4E-841B-4161-B411-7422D6C13C52}.Debug|Any CPU.Build.0 = Debug|Any CPU
		{98729B4E-841B-4161-B411-7422D6C13C52}.Release|Any CPU.ActiveCfg = Release|Any CPU
		{98729B4E-841B-4161-B411-7422D6C13C52}.Release|Any CPU.Build.0 = Release|Any CPU
	EndGlobalSection
	GlobalSection(SolutionProperties) = preSolution
		HideSolutionNode = FALSE
	EndGlobalSection
	GlobalSection(ExtensibilityGlobals) = postSolution
		SolutionGuid = {5CFB6106-3F16-4F71-9CDD-530E2DBE4BF9}
	EndGlobalSection
EndGlobal
